
Microsoft Visual Studio Solution File, Format Version 12.00
# Visual Studio Version 17
VisualStudioVersion = 17.9.34723.18
MinimumVisualStudioVersion = 10.0.40219.1
Project("{9A19103F-16F7-4668-BE54-9A1E7A4F7556}") = "BlazorApp", "BlazorApp\BlazorApp.csproj", "{842F0B21-8D37-4E34-AA73-A8E18CEB6388}"
EndProject
Project("{9A19103F-16F7-4668-BE54-9A1E7A4F7556}") = "WebAPI", "WebAPI\WebAPI.csproj", "{9126B05B-DCD6-417D-90A5-FC3B14A49407}"
EndProject
Project("{9A19103F-16F7-4668-BE54-9A1E7A4F7556}") = "ClassLibrary", "ClassLibrary\ClassLibrary.csproj", "{C6C612F0-E7FD-4848-BAD5-E8B7F004306D}"
EndProject
Global
	GlobalSection(SolutionConfigurationPlatforms) = preSolution
		Debug|Any CPU = Debug|Any CPU
		Release|Any CPU = Release|Any CPU
	EndGlobalSection
	GlobalSection(ProjectConfigurationPlatforms) = postSolution
		{842F0B21-8D37-4E34-AA73-A8E18CEB6388}.Debug|Any CPU.ActiveCfg = Debug|Any CPU
		{842F0B21-8D37-4E34-AA73-A8E18CEB6388}.Debug|Any CPU.Build.0 = Debug|Any CPU
		{842F0B21-8D37-4E34-AA73-A8E18CEB6388}.Release|Any CPU.ActiveCfg = Release|Any CPU
		{842F0B21-8D37-4E34-AA73-A8E18CEB6388}.Release|Any CPU.Build.0 = Release|Any CPU
		{9126B05B-DCD6-417D-90A5-FC3B14A49407}.Debug|Any CPU.ActiveCfg = Debug|Any CPU
		{9126B05B-DCD6-417D-90A5-FC3B14A49407}.Debug|Any CPU.Build.0 = Debug|Any CPU
		{9126B05B-DCD6-417D-90A5-FC3B14A49407}.Release|Any CPU.ActiveCfg = Release|Any CPU
		{9126B05B-DCD6-417D-90A5-FC3B14A49407}.Release|Any CPU.Build.0 = Release|Any CPU
		{C6C612F0-E7FD-4848-BAD5-E8B7F004306D}.Debug|Any CPU.ActiveCfg = Debug|Any CPU
		{C6C612F0-E7FD-4848-BAD5-E8B7F004306D}.Debug|Any CPU.Build.0 = Debug|Any CPU
		{C6C612F0-E7FD-4848-BAD5-E8B7F004306D}.Release|Any CPU.ActiveCfg = Release|Any CPU
		{C6C612F0-E7FD-4848-BAD5-E8B7F004306D}.Release|Any CPU.Build.0 = Release|Any CPU
	EndGlobalSection
	GlobalSection(SolutionProperties) = preSolution
		HideSolutionNode = FALSE
	EndGlobalSection
	GlobalSection(ExtensibilityGlobals) = postSolution
		SolutionGuid = {8842A6EB-503E-4C9D-AC64-1B266DC160CD}
	EndGlobalSection
EndGlobal
